
Microsoft Visual Studio Solution File, Format Version 12.00
# Visual Studio Version 16
VisualStudioVersion = 16.0.31205.134
MinimumVisualStudioVersion = 10.0.40219.1
Project("{FAE04EC0-301F-11D3-BF4B-00C04F79EFBC}") = "Aula09PT6 - Polimorfismo", "Aula09PT6 - Polimorfismo.csproj", "{2DBFD850-4F31-47D3-8A5C-D5EED8B03AD3}"
EndProject
Global
	GlobalSection(SolutionConfigurationPlatforms) = preSolution
		Debug|Any CPU = Debug|Any CPU
		Release|Any CPU = Release|Any CPU
	EndGlobalSection
	GlobalSection(ProjectConfigurationPlatforms) = postSolution
		{2DBFD850-4F31-47D3-8A5C-D5EED8B03AD3}.Debug|Any CPU.ActiveCfg = Debug|Any CPU
		{2DBFD850-4F31-47D3-8A5C-D5EED8B03AD3}.Debug|Any CPU.Build.0 = Debug|Any CPU
		{2DBFD850-4F31-47D3-8A5C-D5EED8B03AD3}.Release|Any CPU.ActiveCfg = Release|Any CPU
		{2DBFD850-4F31-47D3-8A5C-D5EED8B03AD3}.Release|Any CPU.Build.0 = Release|Any CPU
	EndGlobalSection
	GlobalSection(SolutionProperties) = preSolution
		HideSolutionNode = FALSE
	EndGlobalSection
	GlobalSection(ExtensibilityGlobals) = postSolution
		SolutionGuid = {61BF5EA4-21EB-4576-A008-F33CB2A4E0BE}
	EndGlobalSection
EndGlobal
